{
  "name": "react-native-dynamic-form",
  "version": "0.0.1",
  "lockfileVersion": 1,
  "requires": true,
  "dependencies": {
    "@react-native-picker/picker": {
      "version": "1.9.8",
      "resolved": "https://registry.npmjs.org/@react-native-picker/picker/-/picker-1.9.8.tgz",
      "integrity": "sha512-DcIrg9jMLqercmrWzV1WjpiNVo54CYamwsD91b+gKiY1F0dBDjQHilmsuTje7UesrZc9K+of4DGtisB4i/QxJg=="
    },
    "lodash.isequal": {
      "version": "4.5.0",
      "resolved": "https://registry.npmjs.org/lodash.isequal/-/lodash.isequal-4.5.0.tgz",
      "integrity": "sha1-QVxEePK8wwEgwizhDtMib30+GOA="
    },
    "react-native-picker-select": {
      "version": "8.0.4",
      "resolved": "https://registry.npmjs.org/react-native-picker-select/-/react-native-picker-select-8.0.4.tgz",
      "integrity": "sha512-orBjPIwBkV5oipyVw263YNMI56f6Kj3p/ejabZoCYYNSG3AiLVVhC2RqsxMgDA7IayyURAW+AlV+mDJyVqLBkg==",
      "requires": {
        "@react-native-picker/picker": "^1.8.3",
        "lodash.isequal": "^4.5.0"
      }
    }
  }
}
